// !$*UTF8*$!
{
	archiveVersion = 1;
	classes = {
	};
	objectVersion = 56;
	objects = {

/* Begin PBXBuildFile section */
		D48BD0A229B89DC6008990AE /* SwiftUIAnimationsApp.swift in Sources */ = {isa = PBXBuildFile; fileRef = D48BD0A129B89DC6008990AE /* SwiftUIAnimationsApp.swift */; };
		D48BD0A929B89DC7008990AE /* Preview Assets.xcassets in Resources */ = {isa = PBXBuildFile; fileRef = D48BD0A829B89DC7008990AE /* Preview Assets.xcassets */; };
		D48BD0B329B89DC7008990AE /* SwiftUIAnimationsTests.swift in Sources */ = {isa = PBXBuildFile; fileRef = D48BD0B229B89DC7008990AE /* SwiftUIAnimationsTests.swift */; };
		D48BD0BD29B89DC7008990AE /* SwiftUIAnimationsUITests.swift in Sources */ = {isa = PBXBuildFile; fileRef = D48BD0BC29B89DC7008990AE /* SwiftUIAnimationsUITests.swift */; };
		D48BD0BF29B89DC7008990AE /* SwiftUIAnimationsUITestsLaunchTests.swift in Sources */ = {isa = PBXBuildFile; fileRef = D48BD0BE29B89DC7008990AE /* SwiftUIAnimationsUITestsLaunchTests.swift */; };
		D48BD0D829B89DF1008990AE /* ActionButtonView.swift in Sources */ = {isa = PBXBuildFile; fileRef = D48BD0CB29B89DF0008990AE /* ActionButtonView.swift */; };
		D48BD0D929B89DF1008990AE /* MenuView.swift in Sources */ = {isa = PBXBuildFile; fileRef = D48BD0CC29B89DF0008990AE /* MenuView.swift */; };
		D48BD0DA29B89DF1008990AE /* GridView.swift in Sources */ = {isa = PBXBuildFile; fileRef = D48BD0CD29B89DF1008990AE /* GridView.swift */; };
		D48BD0DB29B89DF1008990AE /* CardView.swift in Sources */ = {isa = PBXBuildFile; fileRef = D48BD0CE29B89DF1008990AE /* CardView.swift */; };
		D48BD0DC29B89DF1008990AE /* Data.swift in Sources */ = {isa = PBXBuildFile; fileRef = D48BD0CF29B89DF1008990AE /* Data.swift */; };
		D48BD0DD29B89DF1008990AE /* NavigationStackView.swift in Sources */ = {isa = PBXBuildFile; fileRef = D48BD0D029B89DF1008990AE /* NavigationStackView.swift */; };
		D48BD0DE29B89DF1008990AE /* Hexagon.swift in Sources */ = {isa = PBXBuildFile; fileRef = D48BD0D129B89DF1008990AE /* Hexagon.swift */; };
		D48BD0DF29B89DF1008990AE /* ContentView.swift in Sources */ = {isa = PBXBuildFile; fileRef = D48BD0D229B89DF1008990AE /* ContentView.swift */; };
		D48BD0E029B89DF1008990AE /* MessageView.swift in Sources */ = {isa = PBXBuildFile; fileRef = D48BD0D329B89DF1008990AE /* MessageView.swift */; };
		D48BD0E129B89DF1008990AE /* ChartsView.swift in Sources */ = {isa = PBXBuildFile; fileRef = D48BD0D429B89DF1008990AE /* ChartsView.swift */; };
		D48BD0E229B89DF1008990AE /* DetailView.swift in Sources */ = {isa = PBXBuildFile; fileRef = D48BD0D529B89DF1008990AE /* DetailView.swift */; };
		D48BD0E329B89DF1008990AE /* CardReflectionView.swift in Sources */ = {isa = PBXBuildFile; fileRef = D48BD0D629B89DF1008990AE /* CardReflectionView.swift */; };
		D48BD0E429B89DF1008990AE /* RadialLayoutView.swift in Sources */ = {isa = PBXBuildFile; fileRef = D48BD0D729B89DF1008990AE /* RadialLayoutView.swift */; };
		D48BD0E829B89E29008990AE /* Assets.xcassets in Resources */ = {isa = PBXBuildFile; fileRef = D48BD0E729B89E29008990AE /* Assets.xcassets */; };
		D48BD0EA29B8F6CD008990AE /* MotionManager.swift in Sources */ = {isa = PBXBuildFile; fileRef = D48BD0E929B8F6CD008990AE /* MotionManager.swift */; };
/* End PBXBuildFile section */

/* Begin PBXContainerItemProxy section */
		D48BD0AF29B89DC7008990AE /* PBXContainerItemProxy */ = {
			isa = PBXContainerItemProxy;
			containerPortal = D48BD09629B89DC6008990AE /* Project object */;
			proxyType = 1;
			remoteGlobalIDString = D48BD09D29B89DC6008990AE;
			remoteInfo = SwiftUIAnimations;
		};
		D48BD0B929B89DC7008990AE /* PBXContainerItemProxy */ = {
			isa = PBXContainerItemProxy;
			containerPortal = D48BD09629B89DC6008990AE /* Project object */;
			proxyType = 1;
			remoteGlobalIDString = D48BD09D29B89DC6008990AE;
			remoteInfo = SwiftUIAnimations;
		};
/* End PBXContainerItemProxy section */

/* Begin PBXFileReference section */
		D48BD09E29B89DC6008990AE /* SwiftUIAnimations.app */ = {isa = PBXFileReference; explicitFileType = wrapper.application; includeInIndex = 0; path = SwiftUIAnimations.app; sourceTree = BUILT_PRODUCTS_DIR; };
		D48BD0A129B89DC6008990AE /* SwiftUIAnimationsApp.swift */ = {isa = PBXFileReference; lastKnownFileType = sourcecode.swift; path = SwiftUIAnimationsApp.swift; sourceTree = "<group>"; };
		D48BD0A829B89DC7008990AE /* Preview Assets.xcassets */ = {isa = PBXFileReference; lastKnownFileType = folder.assetcatalog; path = "Preview Assets.xcassets"; sourceTree = "<group>"; };
		D48BD0AE29B89DC7008990AE /* SwiftUIAnimationsTests.xctest */ = {isa = PBXFileReference; explicitFileType = wrapper.cfbundle; includeInIndex = 0; path = SwiftUIAnimationsTests.xctest; sourceTree = BUILT_PRODUCTS_DIR; };
		D48BD0B229B89DC7008990AE /* SwiftUIAnimationsTests.swift */ = {isa = PBXFileReference; lastKnownFileType = sourcecode.swift; path = SwiftUIAnimationsTests.swift; sourceTree = "<group>"; };
		D48BD0B829B89DC7008990AE /* SwiftUIAnimationsUITests.xctest */ = {isa = PBXFileReference; explicitFileType = wrapper.cfbundle; includeInIndex = 0; path = SwiftUIAnimationsUITests.xctest; sourceTree = BUILT_PRODUCTS_DIR; };
		D48BD0BC29B89DC7008990AE /* SwiftUIAnimationsUITests.swift */ = {isa = PBXFileReference; lastKnownFileType = sourcecode.swift; path = SwiftUIAnimationsUITests.swift; sourceTree = "<group>"; };
		D48BD0BE29B89DC7008990AE /* SwiftUIAnimationsUITestsLaunchTests.swift */ = {isa = PBXFileReference; lastKnownFileType = sourcecode.swift; path = SwiftUIAnimationsUITestsLaunchTests.swift; sourceTree = "<group>"; };
		D48BD0CB29B89DF0008990AE /* ActionButtonView.swift */ = {isa = PBXFileReference; fileEncoding = 4; lastKnownFileType = sourcecode.swift; path = ActionButtonView.swift; sourceTree = "<group>"; };
		D48BD0CC29B89DF0008990AE /* MenuView.swift */ = {isa = PBXFileReference; fileEncoding = 4; lastKnownFileType = sourcecode.swift; path = MenuView.swift; sourceTree = "<group>"; };
		D48BD0CD29B89DF1008990AE /* GridView.swift */ = {isa = PBXFileReference; fileEncoding = 4; lastKnownFileType = sourcecode.swift; path = GridView.swift; sourceTree = "<group>"; };
		D48BD0CE29B89DF1008990AE /* CardView.swift */ = {isa = PBXFileReference; fileEncoding = 4; lastKnownFileType = sourcecode.swift; path = CardView.swift; sourceTree = "<group>"; };
		D48BD0CF29B89DF1008990AE /* Data.swift */ = {isa = PBXFileReference; fileEncoding = 4; lastKnownFileType = sourcecode.swift; path = Data.swift; sourceTree = "<group>"; };
		D48BD0D029B89DF1008990AE /* NavigationStackView.swift */ = {isa = PBXFileReference; fileEncoding = 4; lastKnownFileType = sourcecode.swift; path = NavigationStackView.swift; sourceTree = "<group>"; };
		D48BD0D129B89DF1008990AE /* Hexagon.swift */ = {isa = PBXFileReference; fileEncoding = 4; lastKnownFileType = sourcecode.swift; path = Hexagon.swift; sourceTree = "<group>"; };
		D48BD0D229B89DF1008990AE /* ContentView.swift */ = {isa = PBXFileReference; fileEncoding = 4; lastKnownFileType = sourcecode.swift; name = ContentView.swift; path = "../../../../Downloads/SwiftUI iOS 16/Xcode Course/3 Basic Layout/DesignCodeiOS16/ContentView.swift"; sourceTree = "<group>"; };
		D48BD0D329B89DF1008990AE /* MessageView.swift */ = {isa = PBXFileReference; fileEncoding = 4; lastKnownFileType = sourcecode.swift; path = MessageView.swift; sourceTree = "<group>"; };
		D48BD0D429B89DF1008990AE /* ChartsView.swift */ = {isa = PBXFileReference; fileEncoding = 4; lastKnownFileType = sourcecode.swift; path = ChartsView.swift; sourceTree = "<group>"; };
		D48BD0D529B89DF1008990AE /* DetailView.swift */ = {isa = PBXFileReference; fileEncoding = 4; lastKnownFileType = sourcecode.swift; path = DetailView.swift; sourceTree = "<group>"; };
		D48BD0D629B89DF1008990AE /* CardReflectionView.swift */ = {isa = PBXFileReference; fileEncoding = 4; lastKnownFileType = sourcecode.swift; path = CardReflectionView.swift; sourceTree = "<group>"; };
		D48BD0D729B89DF1008990AE /* RadialLayoutView.swift */ = {isa = PBXFileReference; fileEncoding = 4; lastKnownFileType = sourcecode.swift; path = RadialLayoutView.swift; sourceTree = "<group>"; };
		D48BD0E729B89E29008990AE /* Assets.xcassets */ = {isa = PBXFileReference; lastKnownFileType = folder.assetcatalog; name = Assets.xcassets; path = "../../../../Downloads/SwiftUI iOS 16/Xcode Course/3 Basic Layout/DesignCodeiOS16/Assets.xcassets"; sourceTree = "<group>"; };
		D48BD0E929B8F6CD008990AE /* MotionManager.swift */ = {isa = PBXFileReference; lastKnownFileType = sourcecode.swift; path = MotionManager.swift; sourceTree = "<group>"; };
/* End PBXFileReference section */

/* Begin PBXFrameworksBuildPhase section */
		D48BD09B29B89DC6008990AE /* Frameworks */ = {
			isa = PBXFrameworksBuildPhase;
			buildActionMask = 2147483647;
			files = (
			);
			runOnlyForDeploymentPostprocessing = 0;
		};
		D48BD0AB29B89DC7008990AE /* Frameworks */ = {
			isa = PBXFrameworksBuildPhase;
			buildActionMask = 2147483647;
			files = (
			);
			runOnlyForDeploymentPostprocessing = 0;
		};
		D48BD0B529B89DC7008990AE /* Frameworks */ = {
			isa = PBXFrameworksBuildPhase;
			buildActionMask = 2147483647;
			files = (
			);
			runOnlyForDeploymentPostprocessing = 0;
		};
/* End PBXFrameworksBuildPhase section */

/* Begin PBXGroup section */
		D48BD09529B89DC6008990AE = {
			isa = PBXGroup;
			children = (
				D48BD0A029B89DC6008990AE /* SwiftUIAnimations */,
				D48BD0B129B89DC7008990AE /* SwiftUIAnimationsTests */,
				D48BD0BB29B89DC7008990AE /* SwiftUIAnimationsUITests */,
				D48BD09F29B89DC6008990AE /* Products */,
			);
			sourceTree = "<group>";
		};
		D48BD09F29B89DC6008990AE /* Products */ = {
			isa = PBXGroup;
			children = (
				D48BD09E29B89DC6008990AE /* SwiftUIAnimations.app */,
				D48BD0AE29B89DC7008990AE /* SwiftUIAnimationsTests.xctest */,
				D48BD0B829B89DC7008990AE /* SwiftUIAnimationsUITests.xctest */,
			);
			name = Products;
			sourceTree = "<group>";
		};
		D48BD0A029B89DC6008990AE /* SwiftUIAnimations */ = {
			isa = PBXGroup;
			children = (
				D48BD0E529B89DFE008990AE /* Views */,
				D48BD0A129B89DC6008990AE /* SwiftUIAnimationsApp.swift */,
				D48BD0D229B89DF1008990AE /* ContentView.swift */,
				D48BD0CF29B89DF1008990AE /* Data.swift */,
				D48BD0E729B89E29008990AE /* Assets.xcassets */,
				D48BD0A729B89DC7008990AE /* Preview Content */,
				D48BD0E929B8F6CD008990AE /* MotionManager.swift */,
			);
			path = SwiftUIAnimations;
			sourceTree = "<group>";
		};
		D48BD0A729B89DC7008990AE /* Preview Content */ = {
			isa = PBXGroup;
			children = (
				D48BD0A829B89DC7008990AE /* Preview Assets.xcassets */,
			);
			path = "Preview Content";
			sourceTree = "<group>";
		};
		D48BD0B129B89DC7008990AE /* SwiftUIAnimationsTests */ = {
			isa = PBXGroup;
			children = (
				D48BD0B229B89DC7008990AE /* SwiftUIAnimationsTests.swift */,
			);
			path = SwiftUIAnimationsTests;
			sourceTree = "<group>";
		};
		D48BD0BB29B89DC7008990AE /* SwiftUIAnimationsUITests */ = {
			isa = PBXGroup;
			children = (
				D48BD0BC29B89DC7008990AE /* SwiftUIAnimationsUITests.swift */,
				D48BD0BE29B89DC7008990AE /* SwiftUIAnimationsUITestsLaunchTests.swift */,
			);
			path = SwiftUIAnimationsUITests;
			sourceTree = "<group>";
		};
		D48BD0E529B89DFE008990AE /* Views */ = {
			isa = PBXGroup;
			children = (
				D48BD0E629B89E1E008990AE /* Shapes */,
				D48BD0D429B89DF1008990AE /* ChartsView.swift */,
				D48BD0CB29B89DF0008990AE /* ActionButtonView.swift */,
				D48BD0D629B89DF1008990AE /* CardReflectionView.swift */,
				D48BD0CE29B89DF1008990AE /* CardView.swift */,
				D48BD0D529B89DF1008990AE /* DetailView.swift */,
				D48BD0CD29B89DF1008990AE /* GridView.swift */,
				D48BD0CC29B89DF0008990AE /* MenuView.swift */,
				D48BD0D329B89DF1008990AE /* MessageView.swift */,
				D48BD0D029B89DF1008990AE /* NavigationStackView.swift */,
				D48BD0D729B89DF1008990AE /* RadialLayoutView.swift */,
			);
			path = Views;
			sourceTree = "<group>";
		};
		D48BD0E629B89E1E008990AE /* Shapes */ = {
			isa = PBXGroup;
			children = (
				D48BD0D129B89DF1008990AE /* Hexagon.swift */,
			);
			path = Shapes;
			sourceTree = "<group>";
		};
/* End PBXGroup section */

/* Begin PBXNativeTarget section */
		D48BD09D29B89DC6008990AE /* SwiftUIAnimations */ = {
			isa = PBXNativeTarget;
			buildConfigurationList = D48BD0C229B89DC7008990AE /* Build configuration list for PBXNativeTarget "SwiftUIAnimations" */;
			buildPhases = (
				D48BD09A29B89DC6008990AE /* Sources */,
				D48BD09B29B89DC6008990AE /* Frameworks */,
				D48BD09C29B89DC6008990AE /* Resources */,
			);
			buildRules = (
			);
			dependencies = (
			);
			name = SwiftUIAnimations;
			productName = SwiftUIAnimations;
			productReference = D48BD09E29B89DC6008990AE /* SwiftUIAnimations.app */;
			productType = "com.apple.product-type.application";
		};
		D48BD0AD29B89DC7008990AE /* SwiftUIAnimationsTests */ = {
			isa = PBXNativeTarget;
			buildConfigurationList = D48BD0C529B89DC7008990AE /* Build configuration list for PBXNativeTarget "SwiftUIAnimationsTests" */;
			buildPhases = (
				D48BD0AA29B89DC7008990AE /* Sources */,
				D48BD0AB29B89DC7008990AE /* Frameworks */,
				D48BD0AC29B89DC7008990AE /* Resources */,
			);
			buildRules = (
			);
			dependencies = (
				D48BD0B029B89DC7008990AE /* PBXTargetDependency */,
			);
			name = SwiftUIAnimationsTests;
			productName = SwiftUIAnimationsTests;
			productReference = D48BD0AE29B89DC7008990AE /* SwiftUIAnimationsTests.xctest */;
			productType = "com.apple.product-type.bundle.unit-test";
		};
		D48BD0B729B89DC7008990AE /* SwiftUIAnimationsUITests */ = {
			isa = PBXNativeTarget;
			buildConfigurationList = D48BD0C829B89DC7008990AE /* Build configuration list for PBXNativeTarget "SwiftUIAnimationsUITests" */;
			buildPhases = (
				D48BD0B429B89DC7008990AE /* Sources */,
				D48BD0B529B89DC7008990AE /* Frameworks */,
				D48BD0B629B89DC7008990AE /* Resources */,
			);
			buildRules = (
			);
			dependencies = (
				D48BD0BA29B89DC7008990AE /* PBXTargetDependency */,
			);
			name = SwiftUIAnimationsUITests;
			productName = SwiftUIAnimationsUITests;
			productReference = D48BD0B829B89DC7008990AE /* SwiftUIAnimationsUITests.xctest */;
			productType = "com.apple.product-type.bundle.ui-testing";
		};
/* End PBXNativeTarget section */

/* Begin PBXProject section */
		D48BD09629B89DC6008990AE /* Project object */ = {
			isa = PBXProject;
			attributes = {
				BuildIndependentTargetsInParallel = 1;
				LastSwiftUpdateCheck = 1420;
				LastUpgradeCheck = 1420;
				TargetAttributes = {
					D48BD09D29B89DC6008990AE = {
						CreatedOnToolsVersion = 14.2;
					};
					D48BD0AD29B89DC7008990AE = {
						CreatedOnToolsVersion = 14.2;
						TestTargetID = D48BD09D29B89DC6008990AE;
					};
					D48BD0B729B89DC7008990AE = {
						CreatedOnToolsVersion = 14.2;
						TestTargetID = D48BD09D29B89DC6008990AE;
					};
				};
			};
			buildConfigurationList = D48BD09929B89DC6008990AE /* Build configuration list for PBXProject "SwiftUIAnimations" */;
			compatibilityVersion = "Xcode 14.0";
			developmentRegion = en;
			hasScannedForEncodings = 0;
			knownRegions = (
				en,
				Base,
			);
			mainGroup = D48BD09529B89DC6008990AE;
			productRefGroup = D48BD09F29B89DC6008990AE /* Products */;
			projectDirPath = "";
			projectRoot = "";
			targets = (
				D48BD09D29B89DC6008990AE /* SwiftUIAnimations */,
				D48BD0AD29B89DC7008990AE /* SwiftUIAnimationsTests */,
				D48BD0B729B89DC7008990AE /* SwiftUIAnimationsUITests */,
			);
		};
/* End PBXProject section */

/* Begin PBXResourcesBuildPhase section */
		D48BD09C29B89DC6008990AE /* Resources */ = {
			isa = PBXResourcesBuildPhase;
			buildActionMask = 2147483647;
			files = (
				D48BD0A929B89DC7008990AE /* Preview Assets.xcassets in Resources */,
				D48BD0E829B89E29008990AE /* Assets.xcassets in Resources */,
			);
			runOnlyForDeploymentPostprocessing = 0;
		};
		D48BD0AC29B89DC7008990AE /* Resources */ = {
			isa = PBXResourcesBuildPhase;
			buildActionMask = 2147483647;
			files = (
			);
			runOnlyForDeploymentPostprocessing = 0;
		};
		D48BD0B629B89DC7008990AE /* Resources */ = {
			isa = PBXResourcesBuildPhase;
			buildActionMask = 2147483647;
			files = (
			);
			runOnlyForDeploymentPostprocessing = 0;
		};
/* End PBXResourcesBuildPhase section */

/* Begin PBXSourcesBuildPhase section */
		D48BD09A29B89DC6008990AE /* Sources */ = {
			isa = PBXSourcesBuildPhase;
			buildActionMask = 2147483647;
			files = (
				D48BD0DC29B89DF1008990AE /* Data.swift in Sources */,
				D48BD0EA29B8F6CD008990AE /* MotionManager.swift in Sources */,
				D48BD0D829B89DF1008990AE /* ActionButtonView.swift in Sources */,
				D48BD0DE29B89DF1008990AE /* Hexagon.swift in Sources */,
				D48BD0D929B89DF1008990AE /* MenuView.swift in Sources */,
				D48BD0DA29B89DF1008990AE /* GridView.swift in Sources */,
				D48BD0E029B89DF1008990AE /* MessageView.swift in Sources */,
				D48BD0E329B89DF1008990AE /* CardReflectionView.swift in Sources */,
				D48BD0E229B89DF1008990AE /* DetailView.swift in Sources */,
				D48BD0E429B89DF1008990AE /* RadialLayoutView.swift in Sources */,
				D48BD0DF29B89DF1008990AE /* ContentView.swift in Sources */,
				D48BD0DD29B89DF1008990AE /* NavigationStackView.swift in Sources */,
				D48BD0DB29B89DF1008990AE /* CardView.swift in Sources */,
				D48BD0A229B89DC6008990AE /* SwiftUIAnimationsApp.swift in Sources */,
				D48BD0E129B89DF1008990AE /* ChartsView.swift in Sources */,
			);
			runOnlyForDeploymentPostprocessing = 0;
		};
		D48BD0AA29B89DC7008990AE /* Sources */ = {
			isa = PBXSourcesBuildPhase;
			buildActionMask = 2147483647;
			files = (
				D48BD0B329B89DC7008990AE /* SwiftUIAnimationsTests.swift in Sources */,
			);
			runOnlyForDeploymentPostprocessing = 0;
		};
		D48BD0B429B89DC7008990AE /* Sources */ = {
			isa = PBXSourcesBuildPhase;
			buildActionMask = 2147483647;
			files = (
				D48BD0BD29B89DC7008990AE /* SwiftUIAnimationsUITests.swift in Sources */,
				D48BD0BF29B89DC7008990AE /* SwiftUIAnimationsUITestsLaunchTests.swift in Sources */,
			);
			runOnlyForDeploymentPostprocessing = 0;
		};
/* End PBXSourcesBuildPhase section */

/* Begin PBXTargetDependency section */
		D48BD0B029B89DC7008990AE /* PBXTargetDependency */ = {
			isa = PBXTargetDependency;
			target = D48BD09D29B89DC6008990AE /* SwiftUIAnimations */;
			targetProxy = D48BD0AF29B89DC7008990AE /* PBXContainerItemProxy */;
		};
		D48BD0BA29B89DC7008990AE /* PBXTargetDependency */ = {
			isa = PBXTargetDependency;
			target = D48BD09D29B89DC6008990AE /* SwiftUIAnimations */;
			targetProxy = D48BD0B929B89DC7008990AE /* PBXContainerItemProxy */;
		};
/* End PBXTargetDependency section */

/* Begin XCBuildConfiguration section */
		D48BD0C029B89DC7008990AE /* Debug */ = {
			isa = XCBuildConfiguration;
			buildSettings = {
				ALWAYS_SEARCH_USER_PATHS = NO;
				CLANG_ANALYZER_NONNULL = YES;
				CLANG_ANALYZER_NUMBER_OBJECT_CONVERSION = YES_AGGRESSIVE;
				CLANG_CXX_LANGUAGE_STANDARD = "gnu++20";
				CLANG_ENABLE_MODULES = YES;
				CLANG_ENABLE_OBJC_ARC = YES;
				CLANG_ENABLE_OBJC_WEAK = YES;
				CLANG_WARN_BLOCK_CAPTURE_AUTORELEASING = YES;
				CLANG_WARN_BOOL_CONVERSION = YES;
				CLANG_WARN_COMMA = YES;
				CLANG_WARN_CONSTANT_CONVERSION = YES;
				CLANG_WARN_DEPRECATED_OBJC_IMPLEMENTATIONS = YES;
				CLANG_WARN_DIRECT_OBJC_ISA_USAGE = YES_ERROR;
				CLANG_WARN_DOCUMENTATION_COMMENTS = YES;
				CLANG_WARN_EMPTY_BODY = YES;
				CLANG_WARN_ENUM_CONVERSION = YES;
				CLANG_WARN_INFINITE_RECURSION = YES;
				CLANG_WARN_INT_CONVERSION = YES;
				CLANG_WARN_NON_LITERAL_NULL_CONVERSION = YES;
				CLANG_WARN_OBJC_IMPLICIT_RETAIN_SELF = YES;
				CLANG_WARN_OBJC_LITERAL_CONVERSION = YES;
				CLANG_WARN_OBJC_ROOT_CLASS = YES_ERROR;
				CLANG_WARN_QUOTED_INCLUDE_IN_FRAMEWORK_HEADER = YES;
				CLANG_WARN_RANGE_LOOP_ANALYSIS = YES;
				CLANG_WARN_STRICT_PROTOTYPES = YES;
				CLANG_WARN_SUSPICIOUS_MOVE = YES;
				CLANG_WARN_UNGUARDED_AVAILABILITY = YES_AGGRESSIVE;
				CLANG_WARN_UNREACHABLE_CODE = YES;
				CLANG_WARN__DUPLICATE_METHOD_MATCH = YES;
				COPY_PHASE_STRIP = NO;
				DEBUG_INFORMATION_FORMAT = dwarf;
				ENABLE_STRICT_OBJC_MSGSEND = YES;
				ENABLE_TESTABILITY = YES;
				GCC_C_LANGUAGE_STANDARD = gnu11;
				GCC_DYNAMIC_NO_PIC = NO;
				GCC_NO_COMMON_BLOCKS = YES;
				GCC_OPTIMIZATION_LEVEL = 0;
				GCC_PREPROCESSOR_DEFINITIONS = (
					"DEBUG=1",
					"$(inherited)",
				);
				GCC_WARN_64_TO_32_BIT_CONVERSION = YES;
				GCC_WARN_ABOUT_RETURN_TYPE = YES_ERROR;
				GCC_WARN_UNDECLARED_SELECTOR = YES;
				GCC_WARN_UNINITIALIZED_AUTOS = YES_AGGRESSIVE;
				GCC_WARN_UNUSED_FUNCTION = YES;
				GCC_WARN_UNUSED_VARIABLE = YES;
				IPHONEOS_DEPLOYMENT_TARGET = 16.2;
				MTL_ENABLE_DEBUG_INFO = INCLUDE_SOURCE;
				MTL_FAST_MATH = YES;
				ONLY_ACTIVE_ARCH = YES;
				SDKROOT = iphoneos;
				SWIFT_ACTIVE_COMPILATION_CONDITIONS = DEBUG;
				SWIFT_OPTIMIZATION_LEVEL = "-Onone";
			};
			name = Debug;
		};
		D48BD0C129B89DC7008990AE /* Release */ = {
			isa = XCBuildConfiguration;
			buildSettings = {
				ALWAYS_SEARCH_USER_PATHS = NO;
				CLANG_ANALYZER_NONNULL = YES;
				CLANG_ANALYZER_NUMBER_OBJECT_CONVERSION = YES_AGGRESSIVE;
				CLANG_CXX_LANGUAGE_STANDARD = "gnu++20";
				CLANG_ENABLE_MODULES = YES;
				CLANG_ENABLE_OBJC_ARC = YES;
				CLANG_ENABLE_OBJC_WEAK = YES;
				CLANG_WARN_BLOCK_CAPTURE_AUTORELEASING = YES;
				CLANG_WARN_BOOL_CONVERSION = YES;
				CLANG_WARN_COMMA = YES;
				CLANG_WARN_CONSTANT_CONVERSION = YES;
				CLANG_WARN_DEPRECATED_OBJC_IMPLEMENTATIONS = YES;
				CLANG_WARN_DIRECT_OBJC_ISA_USAGE = YES_ERROR;
				CLANG_WARN_DOCUMENTATION_COMMENTS = YES;
				CLANG_WARN_EMPTY_BODY = YES;
				CLANG_WARN_ENUM_CONVERSION = YES;
				CLANG_WARN_INFINITE_RECURSION = YES;
				CLANG_WARN_INT_CONVERSION = YES;
				CLANG_WARN_NON_LITERAL_NULL_CONVERSION = YES;
				CLANG_WARN_OBJC_IMPLICIT_RETAIN_SELF = YES;
				CLANG_WARN_OBJC_LITERAL_CONVERSION = YES;
				CLANG_WARN_OBJC_ROOT_CLASS = YES_ERROR;
				CLANG_WARN_QUOTED_INCLUDE_IN_FRAMEWORK_HEADER = YES;
				CLANG_WARN_RANGE_LOOP_ANALYSIS = YES;
				CLANG_WARN_STRICT_PROTOTYPES = YES;
				CLANG_WARN_SUSPICIOUS_MOVE = YES;
				CLANG_WARN_UNGUARDED_AVAILABILITY = YES_AGGRESSIVE;
				CLANG_WARN_UNREACHABLE_CODE = YES;
				CLANG_WARN__DUPLICATE_METHOD_MATCH = YES;
				COPY_PHASE_STRIP = NO;
				DEBUG_INFORMATION_FORMAT = "dwarf-with-dsym";
				ENABLE_NS_ASSERTIONS = NO;
				ENABLE_STRICT_OBJC_MSGSEND = YES;
				GCC_C_LANGUAGE_STANDARD = gnu11;
				GCC_NO_COMMON_BLOCKS = YES;
				GCC_WARN_64_TO_32_BIT_CONVERSION = YES;
				GCC_WARN_ABOUT_RETURN_TYPE = YES_ERROR;
				GCC_WARN_UNDECLARED_SELECTOR = YES;
				GCC_WARN_UNINITIALIZED_AUTOS = YES_AGGRESSIVE;
				GCC_WARN_UNUSED_FUNCTION = YES;
				GCC_WARN_UNUSED_VARIABLE = YES;
				IPHONEOS_DEPLOYMENT_TARGET = 16.2;
				MTL_ENABLE_DEBUG_INFO = NO;
				MTL_FAST_MATH = YES;
				SDKROOT = iphoneos;
				SWIFT_COMPILATION_MODE = wholemodule;
				SWIFT_OPTIMIZATION_LEVEL = "-O";
				VALIDATE_PRODUCT = YES;
			};
			name = Release;
		};
		D48BD0C329B89DC7008990AE /* Debug */ = {
			isa = XCBuildConfiguration;
			buildSettings = {
				ASSETCATALOG_COMPILER_APPICON_NAME = AppIcon;
				ASSETCATALOG_COMPILER_GLOBAL_ACCENT_COLOR_NAME = AccentColor;
				CODE_SIGN_STYLE = Automatic;
				CURRENT_PROJECT_VERSION = 1;
				DEVELOPMENT_ASSET_PATHS = "\"SwiftUIAnimations/Preview Content\"";
				DEVELOPMENT_TEAM = DPQVGWRDY3;
				ENABLE_PREVIEWS = YES;
				GENERATE_INFOPLIST_FILE = YES;
				INFOPLIST_KEY_UIApplicationSceneManifest_Generation = YES;
				INFOPLIST_KEY_UIApplicationSupportsIndirectInputEvents = YES;
				INFOPLIST_KEY_UILaunchScreen_Generation = YES;
				INFOPLIST_KEY_UISupportedInterfaceOrientations_iPad = "UIInterfaceOrientationPortrait UIInterfaceOrientationPortraitUpsideDown UIInterfaceOrientationLandscapeLeft UIInterfaceOrientationLandscapeRight";
				INFOPLIST_KEY_UISupportedInterfaceOrientations_iPhone = "UIInterfaceOrientationPortrait UIInterfaceOrientationLandscapeLeft UIInterfaceOrientationLandscapeRight";
				LD_RUNPATH_SEARCH_PATHS = (
					"$(inherited)",
					"@executable_path/Frameworks",
				);
				MARKETING_VERSION = 1.0;
				PRODUCT_BUNDLE_IDENTIFIER = uk.robcopping.SwiftUIAnimations;
				PRODUCT_NAME = "$(TARGET_NAME)";
				SWIFT_EMIT_LOC_STRINGS = YES;
				SWIFT_VERSION = 5.0;
				TARGETED_DEVICE_FAMILY = "1,2";
			};
			name = Debug;
		};
		D48BD0C429B89DC7008990AE /* Release */ = {
			isa = XCBuildConfiguration;
			buildSettings = {
				ASSETCATALOG_COMPILER_APPICON_NAME = AppIcon;
				ASSETCATALOG_COMPILER_GLOBAL_ACCENT_COLOR_NAME = AccentColor;
				CODE_SIGN_STYLE = Automatic;
				CURRENT_PROJECT_VERSION = 1;
				DEVELOPMENT_ASSET_PATHS = "\"SwiftUIAnimations/Preview Content\"";
				DEVELOPMENT_TEAM = DPQVGWRDY3;
				ENABLE_PREVIEWS = YES;
				GENERATE_INFOPLIST_FILE = YES;
				INFOPLIST_KEY_UIApplicationSceneManifest_Generation = YES;
				INFOPLIST_KEY_UIApplicationSupportsIndirectInputEvents = YES;
				INFOPLIST_KEY_UILaunchScreen_Generation = YES;
				INFOPLIST_KEY_UISupportedInterfaceOrientations_iPad = "UIInterfaceOrientationPortrait UIInterfaceOrientationPortraitUpsideDown UIInterfaceOrientationLandscapeLeft UIInterfaceOrientationLandscapeRight";
				INFOPLIST_KEY_UISupportedInterfaceOrientations_iPhone = "UIInterfaceOrientationPortrait UIInterfaceOrientationLandscapeLeft UIInterfaceOrientationLandscapeRight";
				LD_RUNPATH_SEARCH_PATHS = (
					"$(inherited)",
					"@executable_path/Frameworks",
				);
				MARKETING_VERSION = 1.0;
				PRODUCT_BUNDLE_IDENTIFIER = uk.robcopping.SwiftUIAnimations;
				PRODUCT_NAME = "$(TARGET_NAME)";
				SWIFT_EMIT_LOC_STRINGS = YES;
				SWIFT_VERSION = 5.0;
				TARGETED_DEVICE_FAMILY = "1,2";
			};
			name = Release;
		};
		D48BD0C629B89DC7008990AE /* Debug */ = {
			isa = XCBuildConfiguration;
			buildSettings = {
				ALWAYS_EMBED_SWIFT_STANDARD_LIBRARIES = YES;
				BUNDLE_LOADER = "$(TEST_HOST)";
				CODE_SIGN_STYLE = Automatic;
				CURRENT_PROJECT_VERSION = 1;
				DEVELOPMENT_TEAM = DPQVGWRDY3;
				GENERATE_INFOPLIST_FILE = YES;
				IPHONEOS_DEPLOYMENT_TARGET = 16.2;
				MARKETING_VERSION = 1.0;
				PRODUCT_BUNDLE_IDENTIFIER = uk.robcopping.SwiftUIAnimationsTests;
				PRODUCT_NAME = "$(TARGET_NAME)";
				SWIFT_EMIT_LOC_STRINGS = NO;
				SWIFT_VERSION = 5.0;
				TARGETED_DEVICE_FAMILY = "1,2";
				TEST_HOST = "$(BUILT_PRODUCTS_DIR)/SwiftUIAnimations.app/$(BUNDLE_EXECUTABLE_FOLDER_PATH)/SwiftUIAnimations";
			};
			name = Debug;
		};
		D48BD0C729B89DC7008990AE /* Release */ = {
			isa = XCBuildConfiguration;
			buildSettings = {
				ALWAYS_EMBED_SWIFT_STANDARD_LIBRARIES = YES;
				BUNDLE_LOADER = "$(TEST_HOST)";
				CODE_SIGN_STYLE = Automatic;
				CURRENT_PROJECT_VERSION = 1;
				DEVELOPMENT_TEAM = DPQVGWRDY3;
				GENERATE_INFOPLIST_FILE = YES;
				IPHONEOS_DEPLOYMENT_TARGET = 16.2;
				MARKETING_VERSION = 1.0;
				PRODUCT_BUNDLE_IDENTIFIER = uk.robcopping.SwiftUIAnimationsTests;
				PRODUCT_NAME = "$(TARGET_NAME)";
				SWIFT_EMIT_LOC_STRINGS = NO;
				SWIFT_VERSION = 5.0;
				TARGETED_DEVICE_FAMILY = "1,2";
				TEST_HOST = "$(BUILT_PRODUCTS_DIR)/SwiftUIAnimations.app/$(BUNDLE_EXECUTABLE_FOLDER_PATH)/SwiftUIAnimations";
			};
			name = Release;
		};
		D48BD0C929B89DC7008990AE /* Debug */ = {
			isa = XCBuildConfiguration;
			buildSettings = {
				ALWAYS_EMBED_SWIFT_STANDARD_LIBRARIES = YES;
				CODE_SIGN_STYLE = Automatic;
				CURRENT_PROJECT_VERSION = 1;
				DEVELOPMENT_TEAM = DPQVGWRDY3;
				GENERATE_INFOPLIST_FILE = YES;
				MARKETING_VERSION = 1.0;
				PRODUCT_BUNDLE_IDENTIFIER = uk.robcopping.SwiftUIAnimationsUITests;
				PRODUCT_NAME = "$(TARGET_NAME)";
				SWIFT_EMIT_LOC_STRINGS = NO;
				SWIFT_VERSION = 5.0;
				TARGETED_DEVICE_FAMILY = "1,2";
				TEST_TARGET_NAME = SwiftUIAnimations;
			};
			name = Debug;
		};
		D48BD0CA29B89DC7008990AE /* Release */ = {
			isa = XCBuildConfiguration;
			buildSettings = {
				ALWAYS_EMBED_SWIFT_STANDARD_LIBRARIES = YES;
				CODE_SIGN_STYLE = Automatic;
				CURRENT_PROJECT_VERSION = 1;
				DEVELOPMENT_TEAM = DPQVGWRDY3;
				GENERATE_INFOPLIST_FILE = YES;
				MARKETING_VERSION = 1.0;
				PRODUCT_BUNDLE_IDENTIFIER = uk.robcopping.SwiftUIAnimationsUITests;
				PRODUCT_NAME = "$(TARGET_NAME)";
				SWIFT_EMIT_LOC_STRINGS = NO;
				SWIFT_VERSION = 5.0;
				TARGETED_DEVICE_FAMILY = "1,2";
				TEST_TARGET_NAME = SwiftUIAnimations;
			};
			name = Release;
		};
/* End XCBuildConfiguration section */

/* Begin XCConfigurationList section */
		D48BD09929B89DC6008990AE /* Build configuration list for PBXProject "SwiftUIAnimations" */ = {
			isa = XCConfigurationList;
			buildConfigurations = (
				D48BD0C029B89DC7008990AE /* Debug */,
				D48BD0C129B89DC7008990AE /* Release */,
			);
			defaultConfigurationIsVisible = 0;
			defaultConfigurationName = Release;
		};
		D48BD0C229B89DC7008990AE /* Build configuration list for PBXNativeTarget "SwiftUIAnimations" */ = {
			isa = XCConfigurationList;
			buildConfigurations = (
				D48BD0C329B89DC7008990AE /* Debug */,
				D48BD0C429B89DC7008990AE /* Release */,
			);
			defaultConfigurationIsVisible = 0;
			defaultConfigurationName = Release;
		};
		D48BD0C529B89DC7008990AE /* Build configuration list for PBXNativeTarget "SwiftUIAnimationsTests" */ = {
			isa = XCConfigurationList;
			buildConfigurations = (
				D48BD0C629B89DC7008990AE /* Debug */,
				D48BD0C729B89DC7008990AE /* Release */,
			);
			defaultConfigurationIsVisible = 0;
			defaultConfigurationName = Release;
		};
		D48BD0C829B89DC7008990AE /* Build configuration list for PBXNativeTarget "SwiftUIAnimationsUITests" */ = {
			isa = XCConfigurationList;
			buildConfigurations = (
				D48BD0C929B89DC7008990AE /* Debug */,
				D48BD0CA29B89DC7008990AE /* Release */,
			);
			defaultConfigurationIsVisible = 0;
			defaultConfigurationName = Release;
		};
/* End XCConfigurationList section */
	};
	rootObject = D48BD09629B89DC6008990AE /* Project object */;
}
